<?xml version="1.0" encoding="utf-8"?>
<Project ToolsVersion="4.0" xmlns="http://schemas.microsoft.com/developer/msbuild/2003">
  <ItemGroup>
    <Filter Include="src">
      <UniqueIdentifier>{9b671aad-d63f-46dc-bee0-5ebe5ec24171}</UniqueIdentifier>
    </Filter>
    <Filter Include="include">
      <UniqueIdentifier>{e4ab891b-63de-4f3f-b14c-6c61adcd928e}</UniqueIdentifier>
    </Filter>
    <Filter Include="res">
      <UniqueIdentifier>{ba7349bd-581a-4180-96de-9068fc796e95}</UniqueIdentifier>
    </Filter>
    <Filter Include="src\utils">
      <UniqueIdentifier>{d2df72ca-e05f-46de-842f-9023d3c9806b}</UniqueIdentifier>
    </Filter>
    <Filter Include="include\utils">
      <UniqueIdentifier>{cbb90e2f-c3dc-43e3-8e8b-90b6200e2cd9}</UniqueIdentifier>
    </Filter>
    <Filter Include="include\core">
      <UniqueIdentifier>{53208e70-35c4-499a-ba46-b0f1c9a63585}</UniqueIdentifier>
    </Filter>
    <Filter Include="src\core">
      <UniqueIdentifier>{5d584bd7-7670-4b57-b06d-3670bb6f2a5f}</UniqueIdentifier>
    </Filter>
  </ItemGroup>
  <ItemGroup>
    <ClCompile Include="src\main.cpp">
      <Filter>src</Filter>
    </ClCompile>
    <ClCompile Include="src\utils\print_info.cpp">
      <Filter>src\utils</Filter>
    </ClCompile>
    <ClCompile Include="src\core\game.cpp">
      <Filter>src\core</Filter>
    </ClCompile>
    <ClCompile Include="src\core\renderer.cpp">
      <Filter>src\core</Filter>
    </ClCompile>
  </ItemGroup>
  <ItemGroup>
    <Image Include="res\hello.bmp">
      <Filter>res</Filter>
    </Image>
  </ItemGroup>
  <ItemGroup>
    <ClInclude Include="include\utils\print_info.h">
      <Filter>include\utils</Filter>
    </ClInclude>
    <ClInclude Include="include\core\game.h">
      <Filter>include\core</Filter>
    </ClInclude>
    <ClInclude Include="include\core\renderer.h">
      <Filter>include\core</Filter>
    </ClInclude>
    <ClInclude Include="include\core\config.h">
      <Filter>include\core</Filter>
    </ClInclude>
  </ItemGroup>
</Project>